
Microsoft Visual Studio Solution File, Format Version 12.00
# Visual Studio Version 16
VisualStudioVersion = 16.0.29409.12
MinimumVisualStudioVersion = 10.0.40219.1
Project("{2150E333-8FDC-42A3-9474-1A3956D46DE8}") = "Solution Items", "Solution Items", "{BF31E0ED-CF80-43B3-8D9E-EA3124B41056}"
	ProjectSection(SolutionItems) = preProject
		.gitignore = .gitignore
		azure-pipelines.yml = azure-pipelines.yml
	EndProjectSection
EndProject
Project("{2150E333-8FDC-42A3-9474-1A3956D46DE8}") = "Docs", "Docs", "{4A81DEED-94C6-424D-93D6-65CB8C0C0F81}"
	ProjectSection(SolutionItems) = preProject
		LICENSE = LICENSE
		README.md = README.md
	EndProjectSection
EndProject
Project("{9A19103F-16F7-4668-BE54-9A1E7A4F7556}") = "Lanchat.Core", "Lanchat.Core\Lanchat.Core.csproj", "{AA294C4F-B22C-4203-A706-F07CB153BD5F}"
EndProject
Project("{9A19103F-16F7-4668-BE54-9A1E7A4F7556}") = "Lanchat.Terminal", "Lanchat.Terminal\Lanchat.Terminal.csproj", "{3F4D450D-F8D2-43D1-9CC1-1B376957743C}"
EndProject
Project("{FAE04EC0-301F-11D3-BF4B-00C04F79EFBC}") = "Lanchat.ClientCore", "Lanchat.ClientCore\Lanchat.ClientCore.csproj", "{FB1A7A28-00AD-4D59-B141-A127181714D0}"
EndProject
Project("{FAE04EC0-301F-11D3-BF4B-00C04F79EFBC}") = "Lanchat.Tests", "Lanchat.Tests\Lanchat.Tests.csproj", "{CEBD2C38-C598-4826-8B7D-E6BFC2E60E71}"
EndProject
Global
	GlobalSection(SolutionConfigurationPlatforms) = preSolution
		Debug|Any CPU = Debug|Any CPU
		Release|Any CPU = Release|Any CPU
	EndGlobalSection
	GlobalSection(ProjectConfigurationPlatforms) = postSolution
		{AA294C4F-B22C-4203-A706-F07CB153BD5F}.Debug|Any CPU.ActiveCfg = Debug|Any CPU
		{AA294C4F-B22C-4203-A706-F07CB153BD5F}.Debug|Any CPU.Build.0 = Debug|Any CPU
		{AA294C4F-B22C-4203-A706-F07CB153BD5F}.Release|Any CPU.ActiveCfg = Release|Any CPU
		{AA294C4F-B22C-4203-A706-F07CB153BD5F}.Release|Any CPU.Build.0 = Release|Any CPU
		{3F4D450D-F8D2-43D1-9CC1-1B376957743C}.Debug|Any CPU.ActiveCfg = Debug|Any CPU
		{3F4D450D-F8D2-43D1-9CC1-1B376957743C}.Debug|Any CPU.Build.0 = Debug|Any CPU
		{3F4D450D-F8D2-43D1-9CC1-1B376957743C}.Release|Any CPU.ActiveCfg = Release|Any CPU
		{3F4D450D-F8D2-43D1-9CC1-1B376957743C}.Release|Any CPU.Build.0 = Release|Any CPU
		{FB1A7A28-00AD-4D59-B141-A127181714D0}.Debug|Any CPU.ActiveCfg = Debug|Any CPU
		{FB1A7A28-00AD-4D59-B141-A127181714D0}.Debug|Any CPU.Build.0 = Debug|Any CPU
		{FB1A7A28-00AD-4D59-B141-A127181714D0}.Release|Any CPU.ActiveCfg = Release|Any CPU
		{FB1A7A28-00AD-4D59-B141-A127181714D0}.Release|Any CPU.Build.0 = Release|Any CPU
		{CEBD2C38-C598-4826-8B7D-E6BFC2E60E71}.Debug|Any CPU.ActiveCfg = Debug|Any CPU
		{CEBD2C38-C598-4826-8B7D-E6BFC2E60E71}.Debug|Any CPU.Build.0 = Debug|Any CPU
		{CEBD2C38-C598-4826-8B7D-E6BFC2E60E71}.Release|Any CPU.ActiveCfg = Release|Any CPU
		{CEBD2C38-C598-4826-8B7D-E6BFC2E60E71}.Release|Any CPU.Build.0 = Release|Any CPU
	EndGlobalSection
	GlobalSection(SolutionProperties) = preSolution
		HideSolutionNode = FALSE
	EndGlobalSection
	GlobalSection(ExtensibilityGlobals) = postSolution
		SolutionGuid = {C97425CD-0020-4DBF-A57F-513275818A0E}
	EndGlobalSection
EndGlobal
